
Microsoft Visual Studio Solution File, Format Version 12.00
# Visual Studio Version 16
VisualStudioVersion = 16.0.30114.105
MinimumVisualStudioVersion = 10.0.40219.1
Project("{FAE04EC0-301F-11D3-BF4B-00C04F79EFBC}") = "notepad", "notepad\notepad.csproj", "{F45EBCDA-3973-4832-89BA-E51873466C81}"
EndProject
Global
	GlobalSection(SolutionConfigurationPlatforms) = preSolution
		Debug|Any CPU = Debug|Any CPU
		Release|Any CPU = Release|Any CPU
	EndGlobalSection
	GlobalSection(ProjectConfigurationPlatforms) = postSolution
		{F45EBCDA-3973-4832-89BA-E51873466C81}.Debug|Any CPU.ActiveCfg = Debug|Any CPU
		{F45EBCDA-3973-4832-89BA-E51873466C81}.Debug|Any CPU.Build.0 = Debug|Any CPU
		{F45EBCDA-3973-4832-89BA-E51873466C81}.Release|Any CPU.ActiveCfg = Release|Any CPU
		{F45EBCDA-3973-4832-89BA-E51873466C81}.Release|Any CPU.Build.0 = Release|Any CPU
	EndGlobalSection
	GlobalSection(SolutionProperties) = preSolution
		HideSolutionNode = FALSE
	EndGlobalSection
	GlobalSection(ExtensibilityGlobals) = postSolution
		SolutionGuid = {F26A1B83-705C-46F5-B2DE-6A9980908347}
	EndGlobalSection
EndGlobal
